{
  "version": 4,
  "terraform_version": "1.12.1",
  "serial": 29,
  "lineage": "91337b8e-965e-3a3c-89e1-e0c9118f938b",
  "outputs": {
    "public_ip": {
      "value": "172.174.6.68",
      "type": "string"
    }
  },
  "resources": [
    {
      "mode": "managed",
      "type": "azurerm_linux_virtual_machine",
      "name": "chaitanya_vm",
      "provider": "provider[\"registry.terraform.io/hashicorp/azurerm\"]",
      "instances": [
        {
          "schema_version": 0,
          "attributes": {
            "additional_capabilities": [],
            "admin_password": null,
            "admin_ssh_key": [
              {
                "public_key": "ssh-rsa AAAAB3NzaC1yc2EAAAADAQABAAABAQCxnLg85gdQ618XcopSnWi7DgFTOLvXO++2ZqNVywe5OuQbL7RiRmzCD7z2o9vEV3ay+ShD/6VOIT0z3ZR2Mu49T2FJ/j+xzBnqQSo60ftijq0x3Kl1rJEZtoNjNzMpyDT9xS1GMkFyY8tHmUFKU+QsQFyihBdJNec+3vrqFJ5YkOIpbRoWxsOBWT5erea/DqldO/+jr3tToKVOq7fweuEu4PiNXLeQeTt8MIxyYAH/P7zS9Pcv2dqL5EDCTSvvW6rssD2Gth+mlWQXCyuW6H2C6JffZphhCfemf5lJ7Go7hyfydiIBDriAQqc7jmgzBpudptydhk0JHjwPqcWImLcZ chait@ChaitanyaReddy\r\n",
                "username": "azureuser"
              }
            ],
            "admin_username": "azureuser",
            "allow_extension_operations": true,
            "availability_set_id": "",
            "boot_diagnostics": [],
            "bypass_platform_safety_checks_on_user_schedule_enabled": false,
            "capacity_reservation_group_id": "",
            "computer_name": "chaitanya-vm",
            "custom_data": null,
            "dedicated_host_group_id": "",
            "dedicated_host_id": "",
            "disable_password_authentication": true,
            "disk_controller_type": "",
            "edge_zone": "",
            "encryption_at_host_enabled": false,
            "eviction_policy": "",
            "extensions_time_budget": "PT1H30M",
            "gallery_application": [],
            "id": "/subscriptions/a0ec7f91-2412-4043-9058-feb7240b11bc/resourceGroups/chaitanya-rg/providers/Microsoft.Compute/virtualMachines/chaitanya-vm",
            "identity": [],
            "license_type": "",
            "location": "eastus",
            "max_bid_price": -1,
            "name": "chaitanya-vm",
            "network_interface_ids": [
              "/subscriptions/a0ec7f91-2412-4043-9058-feb7240b11bc/resourceGroups/chaitanya-rg/providers/Microsoft.Network/networkInterfaces/chaitanya-nic"
            ],
            "os_disk": [
              {
                "caching": "ReadWrite",
                "diff_disk_settings": [],
                "disk_encryption_set_id": "",
                "disk_size_gb": 30,
                "id": "/subscriptions/a0ec7f91-2412-4043-9058-feb7240b11bc/resourceGroups/chaitanya-rg/providers/Microsoft.Compute/disks/chaitanya-vm_OsDisk_1_cae6e3904140454eb7cad3c4336ff17f",
                "name": "chaitanya-vm_OsDisk_1_cae6e3904140454eb7cad3c4336ff17f",
                "secure_vm_disk_encryption_set_id": "",
                "security_encryption_type": "",
                "storage_account_type": "Standard_LRS",
                "write_accelerator_enabled": false
              }
            ],
            "os_image_notification": [],
            "patch_assessment_mode": "ImageDefault",
            "patch_mode": "ImageDefault",
            "plan": [],
            "platform_fault_domain": -1,
            "priority": "Regular",
            "private_ip_address": "10.0.1.4",
            "private_ip_addresses": [
              "10.0.1.4"
            ],
            "provision_vm_agent": true,
            "proximity_placement_group_id": "",
            "public_ip_address": "172.174.6.68",
            "public_ip_addresses": [
              "172.174.6.68"
            ],
            "reboot_setting": "",
            "resource_group_name": "chaitanya-rg",
            "secret": [],
            "secure_boot_enabled": false,
            "size": "Standard_B1s",
            "source_image_id": "",
            "source_image_reference": [
              {
                "offer": "UbuntuServer",
                "publisher": "Canonical",
                "sku": "18.04-LTS",
                "version": "latest"
              }
            ],
            "tags": {},
            "termination_notification": [],
            "timeouts": null,
            "user_data": "",
            "virtual_machine_id": "1eac37ed-dfac-422c-b153-2b6e442a0a6c",
            "virtual_machine_scale_set_id": "",
            "vm_agent_platform_updates_enabled": false,
            "vtpm_enabled": false,
            "zone": ""
          },
          "sensitive_attributes": [
            [
              {
                "type": "get_attr",
                "value": "admin_password"
              }
            ],
            [
              {
                "type": "get_attr",
                "value": "custom_data"
              }
            ]
          ],
          "identity_schema_version": 0,
          "private": "eyJlMmJmYjczMC1lY2FhLTExZTYtOGY4OC0zNDM2M2JjN2M0YzAiOnsiY3JlYXRlIjoyNzAwMDAwMDAwMDAwLCJkZWxldGUiOjI3MDAwMDAwMDAwMDAsInJlYWQiOjMwMDAwMDAwMDAwMCwidXBkYXRlIjoyNzAwMDAwMDAwMDAwfX0=",
          "dependencies": [
            "azurerm_network_interface.chaitanya_nic",
            "azurerm_public_ip.chaitanya_ip",
            "azurerm_resource_group.chaitanya_rg",
            "azurerm_subnet.chaitanya_subnet",
            "azurerm_virtual_network.chaitanya_vnet"
          ]
        }
      ]
    },
    {
      "mode": "managed",
      "type": "azurerm_network_interface",
      "name": "chaitanya_nic",
      "provider": "provider[\"registry.terraform.io/hashicorp/azurerm\"]",
      "instances": [
        {
          "schema_version": 0,
          "attributes": {
            "accelerated_networking_enabled": false,
            "applied_dns_servers": [],
            "auxiliary_mode": "",
            "auxiliary_sku": "",
            "dns_servers": [],
            "edge_zone": "",
            "id": "/subscriptions/a0ec7f91-2412-4043-9058-feb7240b11bc/resourceGroups/chaitanya-rg/providers/Microsoft.Network/networkInterfaces/chaitanya-nic",
            "internal_dns_name_label": "",
            "internal_domain_name_suffix": "ynolvmdscngerbigy1p24wmppc.bx.internal.cloudapp.net",
            "ip_configuration": [
              {
                "gateway_load_balancer_frontend_ip_configuration_id": "",
                "name": "chaitanya-ipconfig",
                "primary": true,
                "private_ip_address": "10.0.1.4",
                "private_ip_address_allocation": "Dynamic",
                "private_ip_address_version": "IPv4",
                "public_ip_address_id": "/subscriptions/a0ec7f91-2412-4043-9058-feb7240b11bc/resourceGroups/chaitanya-rg/providers/Microsoft.Network/publicIPAddresses/chaitanya-public-ip",
                "subnet_id": "/subscriptions/a0ec7f91-2412-4043-9058-feb7240b11bc/resourceGroups/chaitanya-rg/providers/Microsoft.Network/virtualNetworks/chaitanya-vnet/subnets/chaitanya-subnet"
              }
            ],
            "ip_forwarding_enabled": false,
            "location": "eastus",
            "mac_address": "00-0D-3A-1F-AF-BB",
            "name": "chaitanya-nic",
            "private_ip_address": "10.0.1.4",
            "private_ip_addresses": [
              "10.0.1.4"
            ],
            "resource_group_name": "chaitanya-rg",
            "tags": {},
            "timeouts": null,
            "virtual_machine_id": "/subscriptions/a0ec7f91-2412-4043-9058-feb7240b11bc/resourceGroups/chaitanya-rg/providers/Microsoft.Compute/virtualMachines/chaitanya-vm"
          },
          "sensitive_attributes": [],
          "identity_schema_version": 0,
          "private": "eyJlMmJmYjczMC1lY2FhLTExZTYtOGY4OC0zNDM2M2JjN2M0YzAiOnsiY3JlYXRlIjoxODAwMDAwMDAwMDAwLCJkZWxldGUiOjE4MDAwMDAwMDAwMDAsInJlYWQiOjMwMDAwMDAwMDAwMCwidXBkYXRlIjoxODAwMDAwMDAwMDAwfX0=",
          "dependencies": [
            "azurerm_public_ip.chaitanya_ip",
            "azurerm_resource_group.chaitanya_rg",
            "azurerm_subnet.chaitanya_subnet",
            "azurerm_virtual_network.chaitanya_vnet"
          ]
        }
      ]
    },
    {
      "mode": "managed",
      "type": "azurerm_network_security_group",
      "name": "chaitanya_nsg",
      "provider": "provider[\"registry.terraform.io/hashicorp/azurerm\"]",
      "instances": [
        {
          "schema_version": 0,
          "attributes": {
            "id": "/subscriptions/a0ec7f91-2412-4043-9058-feb7240b11bc/resourceGroups/chaitanya-rg/providers/Microsoft.Network/networkSecurityGroups/chaitanya-nsg",
            "location": "eastus",
            "name": "chaitanya-nsg",
            "resource_group_name": "chaitanya-rg",
            "security_rule": [
              {
                "access": "Allow",
                "description": "",
                "destination_address_prefix": "*",
                "destination_address_prefixes": [],
                "destination_application_security_group_ids": [],
                "destination_port_range": "22",
                "destination_port_ranges": [],
                "direction": "Inbound",
                "name": "AllowSSH",
                "priority": 1001,
                "protocol": "Tcp",
                "source_address_prefix": "*",
                "source_address_prefixes": [],
                "source_application_security_group_ids": [],
                "source_port_range": "*",
                "source_port_ranges": []
              },
              {
                "access": "Allow",
                "description": "",
                "destination_address_prefix": "*",
                "destination_address_prefixes": [],
                "destination_application_security_group_ids": [],
                "destination_port_range": "80",
                "destination_port_ranges": [],
                "direction": "Inbound",
                "name": "AllowHTTP",
                "priority": 1002,
                "protocol": "Tcp",
                "source_address_prefix": "*",
                "source_address_prefixes": [],
                "source_application_security_group_ids": [],
                "source_port_range": "*",
                "source_port_ranges": []
              }
            ],
            "tags": null,
            "timeouts": null
          },
          "sensitive_attributes": [],
          "identity_schema_version": 0,
          "private": "eyJlMmJmYjczMC1lY2FhLTExZTYtOGY4OC0zNDM2M2JjN2M0YzAiOnsiY3JlYXRlIjoxODAwMDAwMDAwMDAwLCJkZWxldGUiOjE4MDAwMDAwMDAwMDAsInJlYWQiOjMwMDAwMDAwMDAwMCwidXBkYXRlIjoxODAwMDAwMDAwMDAwfX0=",
          "dependencies": [
            "azurerm_resource_group.chaitanya_rg"
          ]
        }
      ]
    },
    {
      "mode": "managed",
      "type": "azurerm_public_ip",
      "name": "chaitanya_ip",
      "provider": "provider[\"registry.terraform.io/hashicorp/azurerm\"]",
      "instances": [
        {
          "schema_version": 0,
          "attributes": {
            "allocation_method": "Static",
            "ddos_protection_mode": "VirtualNetworkInherited",
            "ddos_protection_plan_id": null,
            "domain_name_label": null,
            "domain_name_label_scope": null,
            "edge_zone": "",
            "fqdn": null,
            "id": "/subscriptions/a0ec7f91-2412-4043-9058-feb7240b11bc/resourceGroups/chaitanya-rg/providers/Microsoft.Network/publicIPAddresses/chaitanya-public-ip",
            "idle_timeout_in_minutes": 4,
            "ip_address": "172.174.6.68",
            "ip_tags": {},
            "ip_version": "IPv4",
            "location": "eastus",
            "name": "chaitanya-public-ip",
            "public_ip_prefix_id": null,
            "resource_group_name": "chaitanya-rg",
            "reverse_fqdn": null,
            "sku": "Standard",
            "sku_tier": "Regional",
            "tags": {},
            "timeouts": null,
            "zones": []
          },
          "sensitive_attributes": [],
          "identity_schema_version": 0,
          "private": "eyJlMmJmYjczMC1lY2FhLTExZTYtOGY4OC0zNDM2M2JjN2M0YzAiOnsiY3JlYXRlIjoxODAwMDAwMDAwMDAwLCJkZWxldGUiOjE4MDAwMDAwMDAwMDAsInJlYWQiOjMwMDAwMDAwMDAwMCwidXBkYXRlIjoxODAwMDAwMDAwMDAwfX0=",
          "dependencies": [
            "azurerm_resource_group.chaitanya_rg"
          ]
        }
      ]
    },
    {
      "mode": "managed",
      "type": "azurerm_resource_group",
      "name": "chaitanya_rg",
      "provider": "provider[\"registry.terraform.io/hashicorp/azurerm\"]",
      "instances": [
        {
          "schema_version": 0,
          "attributes": {
            "id": "/subscriptions/a0ec7f91-2412-4043-9058-feb7240b11bc/resourceGroups/chaitanya-rg",
            "location": "eastus",
            "managed_by": "",
            "name": "chaitanya-rg",
            "tags": {},
            "timeouts": null
          },
          "sensitive_attributes": [],
          "identity_schema_version": 0,
          "private": "eyJlMmJmYjczMC1lY2FhLTExZTYtOGY4OC0zNDM2M2JjN2M0YzAiOnsiY3JlYXRlIjo1NDAwMDAwMDAwMDAwLCJkZWxldGUiOjU0MDAwMDAwMDAwMDAsInJlYWQiOjMwMDAwMDAwMDAwMCwidXBkYXRlIjo1NDAwMDAwMDAwMDAwfX0="
        }
      ]
    },
    {
      "mode": "managed",
      "type": "azurerm_subnet",
      "name": "chaitanya_subnet",
      "provider": "provider[\"registry.terraform.io/hashicorp/azurerm\"]",
      "instances": [
        {
          "schema_version": 0,
          "attributes": {
            "address_prefixes": [
              "10.0.1.0/24"
            ],
            "default_outbound_access_enabled": true,
            "delegation": [],
            "id": "/subscriptions/a0ec7f91-2412-4043-9058-feb7240b11bc/resourceGroups/chaitanya-rg/providers/Microsoft.Network/virtualNetworks/chaitanya-vnet/subnets/chaitanya-subnet",
            "name": "chaitanya-subnet",
            "private_endpoint_network_policies": "Disabled",
            "private_link_service_network_policies_enabled": true,
            "resource_group_name": "chaitanya-rg",
            "service_endpoint_policy_ids": [],
            "service_endpoints": [],
            "timeouts": null,
            "virtual_network_name": "chaitanya-vnet"
          },
          "sensitive_attributes": [],
          "identity_schema_version": 0,
          "private": "eyJlMmJmYjczMC1lY2FhLTExZTYtOGY4OC0zNDM2M2JjN2M0YzAiOnsiY3JlYXRlIjoxODAwMDAwMDAwMDAwLCJkZWxldGUiOjE4MDAwMDAwMDAwMDAsInJlYWQiOjMwMDAwMDAwMDAwMCwidXBkYXRlIjoxODAwMDAwMDAwMDAwfX0=",
          "dependencies": [
            "azurerm_resource_group.chaitanya_rg",
            "azurerm_virtual_network.chaitanya_vnet"
          ]
        }
      ]
    },
    {
      "mode": "managed",
      "type": "azurerm_subnet_network_security_group_association",
      "name": "chaitanya_nsg_assoc",
      "provider": "provider[\"registry.terraform.io/hashicorp/azurerm\"]",
      "instances": [
        {
          "schema_version": 0,
          "attributes": {
            "id": "/subscriptions/a0ec7f91-2412-4043-9058-feb7240b11bc/resourceGroups/chaitanya-rg/providers/Microsoft.Network/virtualNetworks/chaitanya-vnet/subnets/chaitanya-subnet",
            "network_security_group_id": "/subscriptions/a0ec7f91-2412-4043-9058-feb7240b11bc/resourceGroups/chaitanya-rg/providers/Microsoft.Network/networkSecurityGroups/chaitanya-nsg",
            "subnet_id": "/subscriptions/a0ec7f91-2412-4043-9058-feb7240b11bc/resourceGroups/chaitanya-rg/providers/Microsoft.Network/virtualNetworks/chaitanya-vnet/subnets/chaitanya-subnet",
            "timeouts": null
          },
          "sensitive_attributes": [],
          "identity_schema_version": 0,
          "private": "eyJlMmJmYjczMC1lY2FhLTExZTYtOGY4OC0zNDM2M2JjN2M0YzAiOnsiY3JlYXRlIjoxODAwMDAwMDAwMDAwLCJkZWxldGUiOjE4MDAwMDAwMDAwMDAsInJlYWQiOjMwMDAwMDAwMDAwMH19",
          "dependencies": [
            "azurerm_network_security_group.chaitanya_nsg",
            "azurerm_resource_group.chaitanya_rg",
            "azurerm_subnet.chaitanya_subnet",
            "azurerm_virtual_network.chaitanya_vnet"
          ]
        }
      ]
    },
    {
      "mode": "managed",
      "type": "azurerm_virtual_network",
      "name": "chaitanya_vnet",
      "provider": "provider[\"registry.terraform.io/hashicorp/azurerm\"]",
      "instances": [
        {
          "schema_version": 0,
          "attributes": {
            "address_space": [
              "10.0.0.0/16"
            ],
            "bgp_community": "",
            "ddos_protection_plan": [],
            "dns_servers": [],
            "edge_zone": "",
            "encryption": [],
            "flow_timeout_in_minutes": 0,
            "guid": "b0ba5cc3-1372-484c-8506-c6dfcf598f7a",
            "id": "/subscriptions/a0ec7f91-2412-4043-9058-feb7240b11bc/resourceGroups/chaitanya-rg/providers/Microsoft.Network/virtualNetworks/chaitanya-vnet",
            "location": "eastus",
            "name": "chaitanya-vnet",
            "private_endpoint_vnet_policies": "Disabled",
            "resource_group_name": "chaitanya-rg",
            "subnet": [
              {
                "address_prefixes": [
                  "10.0.1.0/24"
                ],
                "default_outbound_access_enabled": true,
                "delegation": [],
                "id": "/subscriptions/a0ec7f91-2412-4043-9058-feb7240b11bc/resourceGroups/chaitanya-rg/providers/Microsoft.Network/virtualNetworks/chaitanya-vnet/subnets/chaitanya-subnet",
                "name": "chaitanya-subnet",
                "private_endpoint_network_policies": "Disabled",
                "private_link_service_network_policies_enabled": true,
                "route_table_id": "",
                "security_group": "",
                "service_endpoint_policy_ids": [],
                "service_endpoints": []
              }
            ],
            "tags": {},
            "timeouts": null
          },
          "sensitive_attributes": [],
          "identity_schema_version": 0,
          "private": "eyJlMmJmYjczMC1lY2FhLTExZTYtOGY4OC0zNDM2M2JjN2M0YzAiOnsiY3JlYXRlIjoxODAwMDAwMDAwMDAwLCJkZWxldGUiOjE4MDAwMDAwMDAwMDAsInJlYWQiOjMwMDAwMDAwMDAwMCwidXBkYXRlIjoxODAwMDAwMDAwMDAwfX0=",
          "dependencies": [
            "azurerm_resource_group.chaitanya_rg"
          ]
        }
      ]
    }
  ],
  "check_results": null
}
